{
  "name": "hello_app",
  "version": "0.1.0",
  "lockfileVersion": 1,
  "requires": true,
  "dependencies": {
    "@rails/actioncable": {
      "version": "6.0.2",
      "resolved": "https://registry.npm.taobao.org/@rails/actioncable/download/@rails/actioncable-6.0.2.tgz",
      "integrity": "sha1-vLqbzW7gmkfGYoM24HOZpoyoeBQ="
    },
    "@rails/activestorage": {
      "version": "6.0.2",
      "resolved": "https://registry.npm.taobao.org/@rails/activestorage/download/@rails/activestorage-6.0.2.tgz",
      "integrity": "sha1-OILaJxbR8hCRhA/FK3EJHUBqnEM=",
      "requires": {
        "spark-md5": "^3.0.0"
      }
    },
    "@rails/ujs": {
      "version": "6.0.2",
      "resolved": "https://registry.npm.taobao.org/@rails/ujs/download/@rails/ujs-6.0.2.tgz",
      "integrity": "sha1-jTJFLVHF4RU3SiGPtUdYA9wX9MA="
    },
    "spark-md5": {
      "version": "3.0.0",
      "resolved": "https://registry.npm.taobao.org/spark-md5/download/spark-md5-3.0.0.tgz",
      "integrity": "sha1-NyIifFTi+vJLHcbZM8wUTm9xv+8="
    },
    "turbolinks": {
      "version": "5.2.0",
      "resolved": "https://registry.npm.taobao.org/turbolinks/download/turbolinks-5.2.0.tgz",
      "integrity": "sha1-5od6VepcHLO7Il8KSuMD1tMv93w="
    }
  }
}
